
Microsoft Visual Studio Solution File, Format Version 12.00
# Visual Studio Version 17
VisualStudioVersion = 17.1.32319.34
MinimumVisualStudioVersion = 10.0.40219.1
Project("{FAE04EC0-301F-11D3-BF4B-00C04F79EFBC}") = "HelloCsharp", "HelloCsharp\HelloCsharp.csproj", "{DA49D563-12C1-4288-B1FE-8749867890E7}"
EndProject
Global
	GlobalSection(SolutionConfigurationPlatforms) = preSolution
		Debug|Any CPU = Debug|Any CPU
		Release|Any CPU = Release|Any CPU
	EndGlobalSection
	GlobalSection(ProjectConfigurationPlatforms) = postSolution
		{DA49D563-12C1-4288-B1FE-8749867890E7}.Debug|Any CPU.ActiveCfg = Debug|Any CPU
		{DA49D563-12C1-4288-B1FE-8749867890E7}.Debug|Any CPU.Build.0 = Debug|Any CPU
		{DA49D563-12C1-4288-B1FE-8749867890E7}.Release|Any CPU.ActiveCfg = Release|Any CPU
		{DA49D563-12C1-4288-B1FE-8749867890E7}.Release|Any CPU.Build.0 = Release|Any CPU
	EndGlobalSection
	GlobalSection(SolutionProperties) = preSolution
		HideSolutionNode = FALSE
	EndGlobalSection
	GlobalSection(ExtensibilityGlobals) = postSolution
		SolutionGuid = {C0547581-CA94-4619-B44C-EB9472C26D16}
	EndGlobalSection
EndGlobal
